{
  "name": "@localfirst/relay-deployable",
  "version": "1.0.0",
  "lockfileVersion": 2,
  "requires": true,
  "packages": {
    "": {
      "name": "@localfirst/relay-deployable",
      "version": "1.0.0",
      "license": "MIT",
      "dependencies": {
        "@localfirst/relay-monorepo": "github:pvh/relay"
      },
      "engines": {
        "node": ">=10"
      }
    },
    "node_modules/@localfirst/relay-monorepo": {
      "version": "0.0.0",
      "resolved": "git+ssh://git@github.com/pvh/relay.git#ad41b498dc6e4ac566d9d41f4cc52599dd6f81a4",
      "license": "MIT",
      "workspaces": {
        "packages": [
          "packages/*"
        ],
        "nohoist": [
          "**/jest/**",
          "**/jest"
        ]
      }
    }
  },
  "dependencies": {
    "@localfirst/relay-monorepo": {
      "version": "git+ssh://git@github.com/pvh/relay.git#ad41b498dc6e4ac566d9d41f4cc52599dd6f81a4",
      "from": "@localfirst/relay-monorepo@https://github.com/pvh/relay"
    }
  }
}
